// !$*UTF8*$!
{
	archiveVersion = 1;
	classes = {
	};
	objectVersion = 56;
	objects = {

/* Begin PBXBuildFile section */
		9D693A412AA724D20080B2C9 /* Gaurav_cardApp.swift in Sources */ = {isa = PBXBuildFile; fileRef = 9D693A402AA724D20080B2C9 /* Gaurav_cardApp.swift */; };
		9D693A432AA724D20080B2C9 /* ContentView.swift in Sources */ = {isa = PBXBuildFile; fileRef = 9D693A422AA724D20080B2C9 /* ContentView.swift */; };
		9D693A452AA724D40080B2C9 /* Assets.xcassets in Resources */ = {isa = PBXBuildFile; fileRef = 9D693A442AA724D40080B2C9 /* Assets.xcassets */; };
		9D693A482AA724D40080B2C9 /* Preview Assets.xcassets in Resources */ = {isa = PBXBuildFile; fileRef = 9D693A472AA724D40080B2C9 /* Preview Assets.xcassets */; };
		9D693A522AA724D40080B2C9 /* Gaurav_cardTests.swift in Sources */ = {isa = PBXBuildFile; fileRef = 9D693A512AA724D40080B2C9 /* Gaurav_cardTests.swift */; };
		9D693A5C2AA724D40080B2C9 /* Gaurav_cardUITests.swift in Sources */ = {isa = PBXBuildFile; fileRef = 9D693A5B2AA724D40080B2C9 /* Gaurav_cardUITests.swift */; };
		9D693A5E2AA724D40080B2C9 /* Gaurav_cardUITestsLaunchTests.swift in Sources */ = {isa = PBXBuildFile; fileRef = 9D693A5D2AA724D40080B2C9 /* Gaurav_cardUITestsLaunchTests.swift */; };
/* End PBXBuildFile section */

/* Begin PBXContainerItemProxy section */
		9D693A4E2AA724D40080B2C9 /* PBXContainerItemProxy */ = {
			isa = PBXContainerItemProxy;
			containerPortal = 9D693A352AA724D20080B2C9 /* Project object */;
			proxyType = 1;
			remoteGlobalIDString = 9D693A3C2AA724D20080B2C9;
			remoteInfo = "Gaurav card";
		};
		9D693A582AA724D40080B2C9 /* PBXContainerItemProxy */ = {
			isa = PBXContainerItemProxy;
			containerPortal = 9D693A352AA724D20080B2C9 /* Project object */;
			proxyType = 1;
			remoteGlobalIDString = 9D693A3C2AA724D20080B2C9;
			remoteInfo = "Gaurav card";
		};
/* End PBXContainerItemProxy section */

/* Begin PBXFileReference section */
		9D693A3D2AA724D20080B2C9 /* Gaurav card.app */ = {isa = PBXFileReference; explicitFileType = wrapper.application; includeInIndex = 0; path = "Gaurav card.app"; sourceTree = BUILT_PRODUCTS_DIR; };
		9D693A402AA724D20080B2C9 /* Gaurav_cardApp.swift */ = {isa = PBXFileReference; lastKnownFileType = sourcecode.swift; path = Gaurav_cardApp.swift; sourceTree = "<group>"; };
		9D693A422AA724D20080B2C9 /* ContentView.swift */ = {isa = PBXFileReference; lastKnownFileType = sourcecode.swift; path = ContentView.swift; sourceTree = "<group>"; };
		9D693A442AA724D40080B2C9 /* Assets.xcassets */ = {isa = PBXFileReference; lastKnownFileType = folder.assetcatalog; path = Assets.xcassets; sourceTree = "<group>"; };
		9D693A472AA724D40080B2C9 /* Preview Assets.xcassets */ = {isa = PBXFileReference; lastKnownFileType = folder.assetcatalog; path = "Preview Assets.xcassets"; sourceTree = "<group>"; };
		9D693A4D2AA724D40080B2C9 /* Gaurav cardTests.xctest */ = {isa = PBXFileReference; explicitFileType = wrapper.cfbundle; includeInIndex = 0; path = "Gaurav cardTests.xctest"; sourceTree = BUILT_PRODUCTS_DIR; };
		9D693A512AA724D40080B2C9 /* Gaurav_cardTests.swift */ = {isa = PBXFileReference; lastKnownFileType = sourcecode.swift; path = Gaurav_cardTests.swift; sourceTree = "<group>"; };
		9D693A572AA724D40080B2C9 /* Gaurav cardUITests.xctest */ = {isa = PBXFileReference; explicitFileType = wrapper.cfbundle; includeInIndex = 0; path = "Gaurav cardUITests.xctest"; sourceTree = BUILT_PRODUCTS_DIR; };
		9D693A5B2AA724D40080B2C9 /* Gaurav_cardUITests.swift */ = {isa = PBXFileReference; lastKnownFileType = sourcecode.swift; path = Gaurav_cardUITests.swift; sourceTree = "<group>"; };
		9D693A5D2AA724D40080B2C9 /* Gaurav_cardUITestsLaunchTests.swift */ = {isa = PBXFileReference; lastKnownFileType = sourcecode.swift; path = Gaurav_cardUITestsLaunchTests.swift; sourceTree = "<group>"; };
/* End PBXFileReference section */

/* Begin PBXFrameworksBuildPhase section */
		9D693A3A2AA724D20080B2C9 /* Frameworks */ = {
			isa = PBXFrameworksBuildPhase;
			buildActionMask = 2147483647;
			files = (
			);
			runOnlyForDeploymentPostprocessing = 0;
		};
		9D693A4A2AA724D40080B2C9 /* Frameworks */ = {
			isa = PBXFrameworksBuildPhase;
			buildActionMask = 2147483647;
			files = (
			);
			runOnlyForDeploymentPostprocessing = 0;
		};
		9D693A542AA724D40080B2C9 /* Frameworks */ = {
			isa = PBXFrameworksBuildPhase;
			buildActionMask = 2147483647;
			files = (
			);
			runOnlyForDeploymentPostprocessing = 0;
		};
/* End PBXFrameworksBuildPhase section */

/* Begin PBXGroup section */
		9D693A342AA724D20080B2C9 = {
			isa = PBXGroup;
			children = (
				9D693A3F2AA724D20080B2C9 /* Gaurav card */,
				9D693A502AA724D40080B2C9 /* Gaurav cardTests */,
				9D693A5A2AA724D40080B2C9 /* Gaurav cardUITests */,
				9D693A3E2AA724D20080B2C9 /* Products */,
			);
			sourceTree = "<group>";
		};
		9D693A3E2AA724D20080B2C9 /* Products */ = {
			isa = PBXGroup;
			children = (
				9D693A3D2AA724D20080B2C9 /* Gaurav card.app */,
				9D693A4D2AA724D40080B2C9 /* Gaurav cardTests.xctest */,
				9D693A572AA724D40080B2C9 /* Gaurav cardUITests.xctest */,
			);
			name = Products;
			sourceTree = "<group>";
		};
		9D693A3F2AA724D20080B2C9 /* Gaurav card */ = {
			isa = PBXGroup;
			children = (
				9D693A402AA724D20080B2C9 /* Gaurav_cardApp.swift */,
				9D693A422AA724D20080B2C9 /* ContentView.swift */,
				9D693A442AA724D40080B2C9 /* Assets.xcassets */,
				9D693A462AA724D40080B2C9 /* Preview Content */,
			);
			path = "Gaurav card";
			sourceTree = "<group>";
		};
		9D693A462AA724D40080B2C9 /* Preview Content */ = {
			isa = PBXGroup;
			children = (
				9D693A472AA724D40080B2C9 /* Preview Assets.xcassets */,
			);
			path = "Preview Content";
			sourceTree = "<group>";
		};
		9D693A502AA724D40080B2C9 /* Gaurav cardTests */ = {
			isa = PBXGroup;
			children = (
				9D693A512AA724D40080B2C9 /* Gaurav_cardTests.swift */,
			);
			path = "Gaurav cardTests";
			sourceTree = "<group>";
		};
		9D693A5A2AA724D40080B2C9 /* Gaurav cardUITests */ = {
			isa = PBXGroup;
			children = (
				9D693A5B2AA724D40080B2C9 /* Gaurav_cardUITests.swift */,
				9D693A5D2AA724D40080B2C9 /* Gaurav_cardUITestsLaunchTests.swift */,
			);
			path = "Gaurav cardUITests";
			sourceTree = "<group>";
		};
/* End PBXGroup section */

/* Begin PBXNativeTarget section */
		9D693A3C2AA724D20080B2C9 /* Gaurav card */ = {
			isa = PBXNativeTarget;
			buildConfigurationList = 9D693A612AA724D40080B2C9 /* Build configuration list for PBXNativeTarget "Gaurav card" */;
			buildPhases = (
				9D693A392AA724D20080B2C9 /* Sources */,
				9D693A3A2AA724D20080B2C9 /* Frameworks */,
				9D693A3B2AA724D20080B2C9 /* Resources */,
			);
			buildRules = (
			);
			dependencies = (
			);
			name = "Gaurav card";
			productName = "Gaurav card";
			productReference = 9D693A3D2AA724D20080B2C9 /* Gaurav card.app */;
			productType = "com.apple.product-type.application";
		};
		9D693A4C2AA724D40080B2C9 /* Gaurav cardTests */ = {
			isa = PBXNativeTarget;
			buildConfigurationList = 9D693A642AA724D40080B2C9 /* Build configuration list for PBXNativeTarget "Gaurav cardTests" */;
			buildPhases = (
				9D693A492AA724D40080B2C9 /* Sources */,
				9D693A4A2AA724D40080B2C9 /* Frameworks */,
				9D693A4B2AA724D40080B2C9 /* Resources */,
			);
			buildRules = (
			);
			dependencies = (
				9D693A4F2AA724D40080B2C9 /* PBXTargetDependency */,
			);
			name = "Gaurav cardTests";
			productName = "Gaurav cardTests";
			productReference = 9D693A4D2AA724D40080B2C9 /* Gaurav cardTests.xctest */;
			productType = "com.apple.product-type.bundle.unit-test";
		};
		9D693A562AA724D40080B2C9 /* Gaurav cardUITests */ = {
			isa = PBXNativeTarget;
			buildConfigurationList = 9D693A672AA724D40080B2C9 /* Build configuration list for PBXNativeTarget "Gaurav cardUITests" */;
			buildPhases = (
				9D693A532AA724D40080B2C9 /* Sources */,
				9D693A542AA724D40080B2C9 /* Frameworks */,
				9D693A552AA724D40080B2C9 /* Resources */,
			);
			buildRules = (
			);
			dependencies = (
				9D693A592AA724D40080B2C9 /* PBXTargetDependency */,
			);
			name = "Gaurav cardUITests";
			productName = "Gaurav cardUITests";
			productReference = 9D693A572AA724D40080B2C9 /* Gaurav cardUITests.xctest */;
			productType = "com.apple.product-type.bundle.ui-testing";
		};
/* End PBXNativeTarget section */

/* Begin PBXProject section */
		9D693A352AA724D20080B2C9 /* Project object */ = {
			isa = PBXProject;
			attributes = {
				BuildIndependentTargetsInParallel = 1;
				LastSwiftUpdateCheck = 1430;
				LastUpgradeCheck = 1430;
				TargetAttributes = {
					9D693A3C2AA724D20080B2C9 = {
						CreatedOnToolsVersion = 14.3.1;
					};
					9D693A4C2AA724D40080B2C9 = {
						CreatedOnToolsVersion = 14.3.1;
						TestTargetID = 9D693A3C2AA724D20080B2C9;
					};
					9D693A562AA724D40080B2C9 = {
						CreatedOnToolsVersion = 14.3.1;
						TestTargetID = 9D693A3C2AA724D20080B2C9;
					};
				};
			};
			buildConfigurationList = 9D693A382AA724D20080B2C9 /* Build configuration list for PBXProject "Gaurav card" */;
			compatibilityVersion = "Xcode 14.0";
			developmentRegion = en;
			hasScannedForEncodings = 0;
			knownRegions = (
				en,
				Base,
			);
			mainGroup = 9D693A342AA724D20080B2C9;
			productRefGroup = 9D693A3E2AA724D20080B2C9 /* Products */;
			projectDirPath = "";
			projectRoot = "";
			targets = (
				9D693A3C2AA724D20080B2C9 /* Gaurav card */,
				9D693A4C2AA724D40080B2C9 /* Gaurav cardTests */,
				9D693A562AA724D40080B2C9 /* Gaurav cardUITests */,
			);
		};
/* End PBXProject section */

/* Begin PBXResourcesBuildPhase section */
		9D693A3B2AA724D20080B2C9 /* Resources */ = {
			isa = PBXResourcesBuildPhase;
			buildActionMask = 2147483647;
			files = (
				9D693A482AA724D40080B2C9 /* Preview Assets.xcassets in Resources */,
				9D693A452AA724D40080B2C9 /* Assets.xcassets in Resources */,
			);
			runOnlyForDeploymentPostprocessing = 0;
		};
		9D693A4B2AA724D40080B2C9 /* Resources */ = {
			isa = PBXResourcesBuildPhase;
			buildActionMask = 2147483647;
			files = (
			);
			runOnlyForDeploymentPostprocessing = 0;
		};
		9D693A552AA724D40080B2C9 /* Resources */ = {
			isa = PBXResourcesBuildPhase;
			buildActionMask = 2147483647;
			files = (
			);
			runOnlyForDeploymentPostprocessing = 0;
		};
/* End PBXResourcesBuildPhase section */

/* Begin PBXSourcesBuildPhase section */
		9D693A392AA724D20080B2C9 /* Sources */ = {
			isa = PBXSourcesBuildPhase;
			buildActionMask = 2147483647;
			files = (
				9D693A432AA724D20080B2C9 /* ContentView.swift in Sources */,
				9D693A412AA724D20080B2C9 /* Gaurav_cardApp.swift in Sources */,
			);
			runOnlyForDeploymentPostprocessing = 0;
		};
		9D693A492AA724D40080B2C9 /* Sources */ = {
			isa = PBXSourcesBuildPhase;
			buildActionMask = 2147483647;
			files = (
				9D693A522AA724D40080B2C9 /* Gaurav_cardTests.swift in Sources */,
			);
			runOnlyForDeploymentPostprocessing = 0;
		};
		9D693A532AA724D40080B2C9 /* Sources */ = {
			isa = PBXSourcesBuildPhase;
			buildActionMask = 2147483647;
			files = (
				9D693A5E2AA724D40080B2C9 /* Gaurav_cardUITestsLaunchTests.swift in Sources */,
				9D693A5C2AA724D40080B2C9 /* Gaurav_cardUITests.swift in Sources */,
			);
			runOnlyForDeploymentPostprocessing = 0;
		};
/* End PBXSourcesBuildPhase section */

/* Begin PBXTargetDependency section */
		9D693A4F2AA724D40080B2C9 /* PBXTargetDependency */ = {
			isa = PBXTargetDependency;
			target = 9D693A3C2AA724D20080B2C9 /* Gaurav card */;
			targetProxy = 9D693A4E2AA724D40080B2C9 /* PBXContainerItemProxy */;
		};
		9D693A592AA724D40080B2C9 /* PBXTargetDependency */ = {
			isa = PBXTargetDependency;
			target = 9D693A3C2AA724D20080B2C9 /* Gaurav card */;
			targetProxy = 9D693A582AA724D40080B2C9 /* PBXContainerItemProxy */;
		};
/* End PBXTargetDependency section */

/* Begin XCBuildConfiguration section */
		9D693A5F2AA724D40080B2C9 /* Debug */ = {
			isa = XCBuildConfiguration;
			buildSettings = {
				ALWAYS_SEARCH_USER_PATHS = NO;
				CLANG_ANALYZER_NONNULL = YES;
				CLANG_ANALYZER_NUMBER_OBJECT_CONVERSION = YES_AGGRESSIVE;
				CLANG_CXX_LANGUAGE_STANDARD = "gnu++20";
				CLANG_ENABLE_MODULES = YES;
				CLANG_ENABLE_OBJC_ARC = YES;
				CLANG_ENABLE_OBJC_WEAK = YES;
				CLANG_WARN_BLOCK_CAPTURE_AUTORELEASING = YES;
				CLANG_WARN_BOOL_CONVERSION = YES;
				CLANG_WARN_COMMA = YES;
				CLANG_WARN_CONSTANT_CONVERSION = YES;
				CLANG_WARN_DEPRECATED_OBJC_IMPLEMENTATIONS = YES;
				CLANG_WARN_DIRECT_OBJC_ISA_USAGE = YES_ERROR;
				CLANG_WARN_DOCUMENTATION_COMMENTS = YES;
				CLANG_WARN_EMPTY_BODY = YES;
				CLANG_WARN_ENUM_CONVERSION = YES;
				CLANG_WARN_INFINITE_RECURSION = YES;
				CLANG_WARN_INT_CONVERSION = YES;
				CLANG_WARN_NON_LITERAL_NULL_CONVERSION = YES;
				CLANG_WARN_OBJC_IMPLICIT_RETAIN_SELF = YES;
				CLANG_WARN_OBJC_LITERAL_CONVERSION = YES;
				CLANG_WARN_OBJC_ROOT_CLASS = YES_ERROR;
				CLANG_WARN_QUOTED_INCLUDE_IN_FRAMEWORK_HEADER = YES;
				CLANG_WARN_RANGE_LOOP_ANALYSIS = YES;
				CLANG_WARN_STRICT_PROTOTYPES = YES;
				CLANG_WARN_SUSPICIOUS_MOVE = YES;
				CLANG_WARN_UNGUARDED_AVAILABILITY = YES_AGGRESSIVE;
				CLANG_WARN_UNREACHABLE_CODE = YES;
				CLANG_WARN__DUPLICATE_METHOD_MATCH = YES;
				COPY_PHASE_STRIP = NO;
				DEBUG_INFORMATION_FORMAT = dwarf;
				ENABLE_STRICT_OBJC_MSGSEND = YES;
				ENABLE_TESTABILITY = YES;
				GCC_C_LANGUAGE_STANDARD = gnu11;
				GCC_DYNAMIC_NO_PIC = NO;
				GCC_NO_COMMON_BLOCKS = YES;
				GCC_OPTIMIZATION_LEVEL = 0;
				GCC_PREPROCESSOR_DEFINITIONS = (
					"DEBUG=1",
					"$(inherited)",
				);
				GCC_WARN_64_TO_32_BIT_CONVERSION = YES;
				GCC_WARN_ABOUT_RETURN_TYPE = YES_ERROR;
				GCC_WARN_UNDECLARED_SELECTOR = YES;
				GCC_WARN_UNINITIALIZED_AUTOS = YES_AGGRESSIVE;
				GCC_WARN_UNUSED_FUNCTION = YES;
				GCC_WARN_UNUSED_VARIABLE = YES;
				IPHONEOS_DEPLOYMENT_TARGET = 16.4;
				MTL_ENABLE_DEBUG_INFO = INCLUDE_SOURCE;
				MTL_FAST_MATH = YES;
				ONLY_ACTIVE_ARCH = YES;
				SDKROOT = iphoneos;
				SWIFT_ACTIVE_COMPILATION_CONDITIONS = DEBUG;
				SWIFT_OPTIMIZATION_LEVEL = "-Onone";
			};
			name = Debug;
		};
		9D693A602AA724D40080B2C9 /* Release */ = {
			isa = XCBuildConfiguration;
			buildSettings = {
				ALWAYS_SEARCH_USER_PATHS = NO;
				CLANG_ANALYZER_NONNULL = YES;
				CLANG_ANALYZER_NUMBER_OBJECT_CONVERSION = YES_AGGRESSIVE;
				CLANG_CXX_LANGUAGE_STANDARD = "gnu++20";
				CLANG_ENABLE_MODULES = YES;
				CLANG_ENABLE_OBJC_ARC = YES;
				CLANG_ENABLE_OBJC_WEAK = YES;
				CLANG_WARN_BLOCK_CAPTURE_AUTORELEASING = YES;
				CLANG_WARN_BOOL_CONVERSION = YES;
				CLANG_WARN_COMMA = YES;
				CLANG_WARN_CONSTANT_CONVERSION = YES;
				CLANG_WARN_DEPRECATED_OBJC_IMPLEMENTATIONS = YES;
				CLANG_WARN_DIRECT_OBJC_ISA_USAGE = YES_ERROR;
				CLANG_WARN_DOCUMENTATION_COMMENTS = YES;
				CLANG_WARN_EMPTY_BODY = YES;
				CLANG_WARN_ENUM_CONVERSION = YES;
				CLANG_WARN_INFINITE_RECURSION = YES;
				CLANG_WARN_INT_CONVERSION = YES;
				CLANG_WARN_NON_LITERAL_NULL_CONVERSION = YES;
				CLANG_WARN_OBJC_IMPLICIT_RETAIN_SELF = YES;
				CLANG_WARN_OBJC_LITERAL_CONVERSION = YES;
				CLANG_WARN_OBJC_ROOT_CLASS = YES_ERROR;
				CLANG_WARN_QUOTED_INCLUDE_IN_FRAMEWORK_HEADER = YES;
				CLANG_WARN_RANGE_LOOP_ANALYSIS = YES;
				CLANG_WARN_STRICT_PROTOTYPES = YES;
				CLANG_WARN_SUSPICIOUS_MOVE = YES;
				CLANG_WARN_UNGUARDED_AVAILABILITY = YES_AGGRESSIVE;
				CLANG_WARN_UNREACHABLE_CODE = YES;
				CLANG_WARN__DUPLICATE_METHOD_MATCH = YES;
				COPY_PHASE_STRIP = NO;
				DEBUG_INFORMATION_FORMAT = "dwarf-with-dsym";
				ENABLE_NS_ASSERTIONS = NO;
				ENABLE_STRICT_OBJC_MSGSEND = YES;
				GCC_C_LANGUAGE_STANDARD = gnu11;
				GCC_NO_COMMON_BLOCKS = YES;
				GCC_WARN_64_TO_32_BIT_CONVERSION = YES;
				GCC_WARN_ABOUT_RETURN_TYPE = YES_ERROR;
				GCC_WARN_UNDECLARED_SELECTOR = YES;
				GCC_WARN_UNINITIALIZED_AUTOS = YES_AGGRESSIVE;
				GCC_WARN_UNUSED_FUNCTION = YES;
				GCC_WARN_UNUSED_VARIABLE = YES;
				IPHONEOS_DEPLOYMENT_TARGET = 16.4;
				MTL_ENABLE_DEBUG_INFO = NO;
				MTL_FAST_MATH = YES;
				SDKROOT = iphoneos;
				SWIFT_COMPILATION_MODE = wholemodule;
				SWIFT_OPTIMIZATION_LEVEL = "-O";
				VALIDATE_PRODUCT = YES;
			};
			name = Release;
		};
		9D693A622AA724D40080B2C9 /* Debug */ = {
			isa = XCBuildConfiguration;
			buildSettings = {
				ASSETCATALOG_COMPILER_APPICON_NAME = AppIcon;
				ASSETCATALOG_COMPILER_GLOBAL_ACCENT_COLOR_NAME = AccentColor;
				CODE_SIGN_STYLE = Automatic;
				CURRENT_PROJECT_VERSION = 1;
				DEVELOPMENT_ASSET_PATHS = "\"Gaurav card/Preview Content\"";
				ENABLE_PREVIEWS = YES;
				GENERATE_INFOPLIST_FILE = YES;
				INFOPLIST_KEY_UIApplicationSceneManifest_Generation = YES;
				INFOPLIST_KEY_UIApplicationSupportsIndirectInputEvents = YES;
				INFOPLIST_KEY_UILaunchScreen_Generation = YES;
				INFOPLIST_KEY_UISupportedInterfaceOrientations_iPad = "UIInterfaceOrientationPortrait UIInterfaceOrientationPortraitUpsideDown UIInterfaceOrientationLandscapeLeft UIInterfaceOrientationLandscapeRight";
				INFOPLIST_KEY_UISupportedInterfaceOrientations_iPhone = "UIInterfaceOrientationPortrait UIInterfaceOrientationLandscapeLeft UIInterfaceOrientationLandscapeRight";
				LD_RUNPATH_SEARCH_PATHS = (
					"$(inherited)",
					"@executable_path/Frameworks",
				);
				MARKETING_VERSION = 1.0;
				PRODUCT_BUNDLE_IDENTIFIER = "gaurav.com.Gaurav-card";
				PRODUCT_NAME = "$(TARGET_NAME)";
				SWIFT_EMIT_LOC_STRINGS = YES;
				SWIFT_VERSION = 5.0;
				TARGETED_DEVICE_FAMILY = "1,2";
			};
			name = Debug;
		};
		9D693A632AA724D40080B2C9 /* Release */ = {
			isa = XCBuildConfiguration;
			buildSettings = {
				ASSETCATALOG_COMPILER_APPICON_NAME = AppIcon;
				ASSETCATALOG_COMPILER_GLOBAL_ACCENT_COLOR_NAME = AccentColor;
				CODE_SIGN_STYLE = Automatic;
				CURRENT_PROJECT_VERSION = 1;
				DEVELOPMENT_ASSET_PATHS = "\"Gaurav card/Preview Content\"";
				ENABLE_PREVIEWS = YES;
				GENERATE_INFOPLIST_FILE = YES;
				INFOPLIST_KEY_UIApplicationSceneManifest_Generation = YES;
				INFOPLIST_KEY_UIApplicationSupportsIndirectInputEvents = YES;
				INFOPLIST_KEY_UILaunchScreen_Generation = YES;
				INFOPLIST_KEY_UISupportedInterfaceOrientations_iPad = "UIInterfaceOrientationPortrait UIInterfaceOrientationPortraitUpsideDown UIInterfaceOrientationLandscapeLeft UIInterfaceOrientationLandscapeRight";
				INFOPLIST_KEY_UISupportedInterfaceOrientations_iPhone = "UIInterfaceOrientationPortrait UIInterfaceOrientationLandscapeLeft UIInterfaceOrientationLandscapeRight";
				LD_RUNPATH_SEARCH_PATHS = (
					"$(inherited)",
					"@executable_path/Frameworks",
				);
				MARKETING_VERSION = 1.0;
				PRODUCT_BUNDLE_IDENTIFIER = "gaurav.com.Gaurav-card";
				PRODUCT_NAME = "$(TARGET_NAME)";
				SWIFT_EMIT_LOC_STRINGS = YES;
				SWIFT_VERSION = 5.0;
				TARGETED_DEVICE_FAMILY = "1,2";
			};
			name = Release;
		};
		9D693A652AA724D40080B2C9 /* Debug */ = {
			isa = XCBuildConfiguration;
			buildSettings = {
				ALWAYS_EMBED_SWIFT_STANDARD_LIBRARIES = YES;
				BUNDLE_LOADER = "$(TEST_HOST)";
				CODE_SIGN_STYLE = Automatic;
				CURRENT_PROJECT_VERSION = 1;
				GENERATE_INFOPLIST_FILE = YES;
				IPHONEOS_DEPLOYMENT_TARGET = 16.4;
				MARKETING_VERSION = 1.0;
				PRODUCT_BUNDLE_IDENTIFIER = "gaurav.com.Gaurav-cardTests";
				PRODUCT_NAME = "$(TARGET_NAME)";
				SWIFT_EMIT_LOC_STRINGS = NO;
				SWIFT_VERSION = 5.0;
				TARGETED_DEVICE_FAMILY = "1,2";
				TEST_HOST = "$(BUILT_PRODUCTS_DIR)/Gaurav card.app/$(BUNDLE_EXECUTABLE_FOLDER_PATH)/Gaurav card";
			};
			name = Debug;
		};
		9D693A662AA724D40080B2C9 /* Release */ = {
			isa = XCBuildConfiguration;
			buildSettings = {
				ALWAYS_EMBED_SWIFT_STANDARD_LIBRARIES = YES;
				BUNDLE_LOADER = "$(TEST_HOST)";
				CODE_SIGN_STYLE = Automatic;
				CURRENT_PROJECT_VERSION = 1;
				GENERATE_INFOPLIST_FILE = YES;
				IPHONEOS_DEPLOYMENT_TARGET = 16.4;
				MARKETING_VERSION = 1.0;
				PRODUCT_BUNDLE_IDENTIFIER = "gaurav.com.Gaurav-cardTests";
				PRODUCT_NAME = "$(TARGET_NAME)";
				SWIFT_EMIT_LOC_STRINGS = NO;
				SWIFT_VERSION = 5.0;
				TARGETED_DEVICE_FAMILY = "1,2";
				TEST_HOST = "$(BUILT_PRODUCTS_DIR)/Gaurav card.app/$(BUNDLE_EXECUTABLE_FOLDER_PATH)/Gaurav card";
			};
			name = Release;
		};
		9D693A682AA724D40080B2C9 /* Debug */ = {
			isa = XCBuildConfiguration;
			buildSettings = {
				ALWAYS_EMBED_SWIFT_STANDARD_LIBRARIES = YES;
				CODE_SIGN_STYLE = Automatic;
				CURRENT_PROJECT_VERSION = 1;
				GENERATE_INFOPLIST_FILE = YES;
				MARKETING_VERSION = 1.0;
				PRODUCT_BUNDLE_IDENTIFIER = "gaurav.com.Gaurav-cardUITests";
				PRODUCT_NAME = "$(TARGET_NAME)";
				SWIFT_EMIT_LOC_STRINGS = NO;
				SWIFT_VERSION = 5.0;
				TARGETED_DEVICE_FAMILY = "1,2";
				TEST_TARGET_NAME = "Gaurav card";
			};
			name = Debug;
		};
		9D693A692AA724D40080B2C9 /* Release */ = {
			isa = XCBuildConfiguration;
			buildSettings = {
				ALWAYS_EMBED_SWIFT_STANDARD_LIBRARIES = YES;
				CODE_SIGN_STYLE = Automatic;
				CURRENT_PROJECT_VERSION = 1;
				GENERATE_INFOPLIST_FILE = YES;
				MARKETING_VERSION = 1.0;
				PRODUCT_BUNDLE_IDENTIFIER = "gaurav.com.Gaurav-cardUITests";
				PRODUCT_NAME = "$(TARGET_NAME)";
				SWIFT_EMIT_LOC_STRINGS = NO;
				SWIFT_VERSION = 5.0;
				TARGETED_DEVICE_FAMILY = "1,2";
				TEST_TARGET_NAME = "Gaurav card";
			};
			name = Release;
		};
/* End XCBuildConfiguration section */

/* Begin XCConfigurationList section */
		9D693A382AA724D20080B2C9 /* Build configuration list for PBXProject "Gaurav card" */ = {
			isa = XCConfigurationList;
			buildConfigurations = (
				9D693A5F2AA724D40080B2C9 /* Debug */,
				9D693A602AA724D40080B2C9 /* Release */,
			);
			defaultConfigurationIsVisible = 0;
			defaultConfigurationName = Release;
		};
		9D693A612AA724D40080B2C9 /* Build configuration list for PBXNativeTarget "Gaurav card" */ = {
			isa = XCConfigurationList;
			buildConfigurations = (
				9D693A622AA724D40080B2C9 /* Debug */,
				9D693A632AA724D40080B2C9 /* Release */,
			);
			defaultConfigurationIsVisible = 0;
			defaultConfigurationName = Release;
		};
		9D693A642AA724D40080B2C9 /* Build configuration list for PBXNativeTarget "Gaurav cardTests" */ = {
			isa = XCConfigurationList;
			buildConfigurations = (
				9D693A652AA724D40080B2C9 /* Debug */,
				9D693A662AA724D40080B2C9 /* Release */,
			);
			defaultConfigurationIsVisible = 0;
			defaultConfigurationName = Release;
		};
		9D693A672AA724D40080B2C9 /* Build configuration list for PBXNativeTarget "Gaurav cardUITests" */ = {
			isa = XCConfigurationList;
			buildConfigurations = (
				9D693A682AA724D40080B2C9 /* Debug */,
				9D693A692AA724D40080B2C9 /* Release */,
			);
			defaultConfigurationIsVisible = 0;
			defaultConfigurationName = Release;
		};
/* End XCConfigurationList section */
	};
	rootObject = 9D693A352AA724D20080B2C9 /* Project object */;
}
